
Microsoft Visual Studio Solution File, Format Version 12.00
# Visual Studio Version 16
VisualStudioVersion = 16.0.29519.87
MinimumVisualStudioVersion = 10.0.40219.1
Project("{F184B08F-C81C-45F6-A57F-5ABD9991F28F}") = "SystemHub", "Turn Off computer\SystemHub.vbproj", "{D2192461-2E43-43B9-937A-90E73D3166BA}"
EndProject
Global
	GlobalSection(SolutionConfigurationPlatforms) = preSolution
		Debug|Any CPU = Debug|Any CPU
		Release|Any CPU = Release|Any CPU
	EndGlobalSection
	GlobalSection(ProjectConfigurationPlatforms) = postSolution
		{D2192461-2E43-43B9-937A-90E73D3166BA}.Debug|Any CPU.ActiveCfg = Release|Any CPU
		{D2192461-2E43-43B9-937A-90E73D3166BA}.Debug|Any CPU.Build.0 = Release|Any CPU
		{D2192461-2E43-43B9-937A-90E73D3166BA}.Release|Any CPU.ActiveCfg = Release|Any CPU
		{D2192461-2E43-43B9-937A-90E73D3166BA}.Release|Any CPU.Build.0 = Release|Any CPU
	EndGlobalSection
	GlobalSection(SolutionProperties) = preSolution
		HideSolutionNode = FALSE
	EndGlobalSection
	GlobalSection(ExtensibilityGlobals) = postSolution
		SolutionGuid = {ABEE8804-82EB-4D33-9725-7C8C76485B32}
	EndGlobalSection
EndGlobal
